
Microsoft Visual Studio Solution File, Format Version 12.00
# Visual Studio Version 17
VisualStudioVersion = 17.11.35219.272
MinimumVisualStudioVersion = 10.0.40219.1
Project("{FAE04EC0-301F-11D3-BF4B-00C04F79EFBC}") = "ECommerceAssignment", "ECommerceAssignment\ECommerceAssignment.csproj", "{1380A9FF-D841-4F7B-B1B5-0C0791FB3E4A}"
EndProject
Global
	GlobalSection(SolutionConfigurationPlatforms) = preSolution
		Debug|Any CPU = Debug|Any CPU
		Release|Any CPU = Release|Any CPU
	EndGlobalSection
	GlobalSection(ProjectConfigurationPlatforms) = postSolution
		{1380A9FF-D841-4F7B-B1B5-0C0791FB3E4A}.Debug|Any CPU.ActiveCfg = Debug|Any CPU
		{1380A9FF-D841-4F7B-B1B5-0C0791FB3E4A}.Debug|Any CPU.Build.0 = Debug|Any CPU
		{1380A9FF-D841-4F7B-B1B5-0C0791FB3E4A}.Release|Any CPU.ActiveCfg = Release|Any CPU
		{1380A9FF-D841-4F7B-B1B5-0C0791FB3E4A}.Release|Any CPU.Build.0 = Release|Any CPU
	EndGlobalSection
	GlobalSection(SolutionProperties) = preSolution
		HideSolutionNode = FALSE
	EndGlobalSection
	GlobalSection(ExtensibilityGlobals) = postSolution
		SolutionGuid = {3E4CDD70-69AD-4796-9BDB-D285C178B8E9}
	EndGlobalSection
EndGlobal
